
Microsoft Visual Studio Solution File, Format Version 12.00
# Visual Studio Version 17
VisualStudioVersion = 17.9.34701.34
MinimumVisualStudioVersion = 10.0.40219.1
Project("{FAE04EC0-301F-11D3-BF4B-00C04F79EFBC}") = "WebAPIExercises", "WebAPIExercises\WebAPIExercises.csproj", "{8D6DFC4C-C8BF-4A01-B918-B99A5A96E301}"
EndProject
Global
	GlobalSection(SolutionConfigurationPlatforms) = preSolution
		Debug|Any CPU = Debug|Any CPU
		Release|Any CPU = Release|Any CPU
	EndGlobalSection
	GlobalSection(ProjectConfigurationPlatforms) = postSolution
		{8D6DFC4C-C8BF-4A01-B918-B99A5A96E301}.Debug|Any CPU.ActiveCfg = Debug|Any CPU
		{8D6DFC4C-C8BF-4A01-B918-B99A5A96E301}.Debug|Any CPU.Build.0 = Debug|Any CPU
		{8D6DFC4C-C8BF-4A01-B918-B99A5A96E301}.Release|Any CPU.ActiveCfg = Release|Any CPU
		{8D6DFC4C-C8BF-4A01-B918-B99A5A96E301}.Release|Any CPU.Build.0 = Release|Any CPU
	EndGlobalSection
	GlobalSection(SolutionProperties) = preSolution
		HideSolutionNode = FALSE
	EndGlobalSection
	GlobalSection(ExtensibilityGlobals) = postSolution
		SolutionGuid = {82C456FB-37F2-4786-AAE9-DA3F2A567BD9}
	EndGlobalSection
EndGlobal
